// !$*UTF8*$!
{
	archiveVersion = 1;
	classes = {
	};
	objectVersion = 50;
	objects = {

/* Begin PBXBuildFile section */
		5C29746B266903B70072DEFB /* CalcXApp.swift in Sources */ = {isa = PBXBuildFile; fileRef = 5C29746A266903B70072DEFB /* CalcXApp.swift */; };
		5C29746D266903B70072DEFB /* ContentView.swift in Sources */ = {isa = PBXBuildFile; fileRef = 5C29746C266903B70072DEFB /* ContentView.swift */; };
		5C29746F266903B80072DEFB /* Assets.xcassets in Resources */ = {isa = PBXBuildFile; fileRef = 5C29746E266903B80072DEFB /* Assets.xcassets */; };
		5C297472266903B80072DEFB /* Preview Assets.xcassets in Resources */ = {isa = PBXBuildFile; fileRef = 5C297471266903B80072DEFB /* Preview Assets.xcassets */; };
		5C29747D266903B80072DEFB /* CalcXTests.swift in Sources */ = {isa = PBXBuildFile; fileRef = 5C29747C266903B80072DEFB /* CalcXTests.swift */; };
		5C297488266903B80072DEFB /* CalcXUITests.swift in Sources */ = {isa = PBXBuildFile; fileRef = 5C297487266903B80072DEFB /* CalcXUITests.swift */; };
/* End PBXBuildFile section */

/* Begin PBXContainerItemProxy section */
		5C297479266903B80072DEFB /* PBXContainerItemProxy */ = {
			isa = PBXContainerItemProxy;
			containerPortal = 5C29745F266903B70072DEFB /* Project object */;
			proxyType = 1;
			remoteGlobalIDString = 5C297466266903B70072DEFB;
			remoteInfo = CalcX;
		};
		5C297484266903B80072DEFB /* PBXContainerItemProxy */ = {
			isa = PBXContainerItemProxy;
			containerPortal = 5C29745F266903B70072DEFB /* Project object */;
			proxyType = 1;
			remoteGlobalIDString = 5C297466266903B70072DEFB;
			remoteInfo = CalcX;
		};
/* End PBXContainerItemProxy section */

/* Begin PBXFileReference section */
		5C297467266903B70072DEFB /* CalcX.app */ = {isa = PBXFileReference; explicitFileType = wrapper.application; includeInIndex = 0; path = CalcX.app; sourceTree = BUILT_PRODUCTS_DIR; };
		5C29746A266903B70072DEFB /* CalcXApp.swift */ = {isa = PBXFileReference; lastKnownFileType = sourcecode.swift; path = CalcXApp.swift; sourceTree = "<group>"; };
		5C29746C266903B70072DEFB /* ContentView.swift */ = {isa = PBXFileReference; lastKnownFileType = sourcecode.swift; path = ContentView.swift; sourceTree = "<group>"; };
		5C29746E266903B80072DEFB /* Assets.xcassets */ = {isa = PBXFileReference; lastKnownFileType = folder.assetcatalog; path = Assets.xcassets; sourceTree = "<group>"; };
		5C297471266903B80072DEFB /* Preview Assets.xcassets */ = {isa = PBXFileReference; lastKnownFileType = folder.assetcatalog; path = "Preview Assets.xcassets"; sourceTree = "<group>"; };
		5C297473266903B80072DEFB /* Info.plist */ = {isa = PBXFileReference; lastKnownFileType = text.plist.xml; path = Info.plist; sourceTree = "<group>"; };
		5C297478266903B80072DEFB /* CalcXTests.xctest */ = {isa = PBXFileReference; explicitFileType = wrapper.cfbundle; includeInIndex = 0; path = CalcXTests.xctest; sourceTree = BUILT_PRODUCTS_DIR; };
		5C29747C266903B80072DEFB /* CalcXTests.swift */ = {isa = PBXFileReference; lastKnownFileType = sourcecode.swift; path = CalcXTests.swift; sourceTree = "<group>"; };
		5C29747E266903B80072DEFB /* Info.plist */ = {isa = PBXFileReference; lastKnownFileType = text.plist.xml; path = Info.plist; sourceTree = "<group>"; };
		5C297483266903B80072DEFB /* CalcXUITests.xctest */ = {isa = PBXFileReference; explicitFileType = wrapper.cfbundle; includeInIndex = 0; path = CalcXUITests.xctest; sourceTree = BUILT_PRODUCTS_DIR; };
		5C297487266903B80072DEFB /* CalcXUITests.swift */ = {isa = PBXFileReference; lastKnownFileType = sourcecode.swift; path = CalcXUITests.swift; sourceTree = "<group>"; };
		5C297489266903B80072DEFB /* Info.plist */ = {isa = PBXFileReference; lastKnownFileType = text.plist.xml; path = Info.plist; sourceTree = "<group>"; };
/* End PBXFileReference section */

/* Begin PBXFrameworksBuildPhase section */
		5C297464266903B70072DEFB /* Frameworks */ = {
			isa = PBXFrameworksBuildPhase;
			buildActionMask = 2147483647;
			files = (
			);
			runOnlyForDeploymentPostprocessing = 0;
		};
		5C297475266903B80072DEFB /* Frameworks */ = {
			isa = PBXFrameworksBuildPhase;
			buildActionMask = 2147483647;
			files = (
			);
			runOnlyForDeploymentPostprocessing = 0;
		};
		5C297480266903B80072DEFB /* Frameworks */ = {
			isa = PBXFrameworksBuildPhase;
			buildActionMask = 2147483647;
			files = (
			);
			runOnlyForDeploymentPostprocessing = 0;
		};
/* End PBXFrameworksBuildPhase section */

/* Begin PBXGroup section */
		5C29745E266903B70072DEFB = {
			isa = PBXGroup;
			children = (
				5C297469266903B70072DEFB /* CalcX */,
				5C29747B266903B80072DEFB /* CalcXTests */,
				5C297486266903B80072DEFB /* CalcXUITests */,
				5C297468266903B70072DEFB /* Products */,
			);
			sourceTree = "<group>";
		};
		5C297468266903B70072DEFB /* Products */ = {
			isa = PBXGroup;
			children = (
				5C297467266903B70072DEFB /* CalcX.app */,
				5C297478266903B80072DEFB /* CalcXTests.xctest */,
				5C297483266903B80072DEFB /* CalcXUITests.xctest */,
			);
			name = Products;
			sourceTree = "<group>";
		};
		5C297469266903B70072DEFB /* CalcX */ = {
			isa = PBXGroup;
			children = (
				5C29746A266903B70072DEFB /* CalcXApp.swift */,
				5C29746C266903B70072DEFB /* ContentView.swift */,
				5C29746E266903B80072DEFB /* Assets.xcassets */,
				5C297473266903B80072DEFB /* Info.plist */,
				5C297470266903B80072DEFB /* Preview Content */,
			);
			path = CalcX;
			sourceTree = "<group>";
		};
		5C297470266903B80072DEFB /* Preview Content */ = {
			isa = PBXGroup;
			children = (
				5C297471266903B80072DEFB /* Preview Assets.xcassets */,
			);
			path = "Preview Content";
			sourceTree = "<group>";
		};
		5C29747B266903B80072DEFB /* CalcXTests */ = {
			isa = PBXGroup;
			children = (
				5C29747C266903B80072DEFB /* CalcXTests.swift */,
				5C29747E266903B80072DEFB /* Info.plist */,
			);
			path = CalcXTests;
			sourceTree = "<group>";
		};
		5C297486266903B80072DEFB /* CalcXUITests */ = {
			isa = PBXGroup;
			children = (
				5C297487266903B80072DEFB /* CalcXUITests.swift */,
				5C297489266903B80072DEFB /* Info.plist */,
			);
			path = CalcXUITests;
			sourceTree = "<group>";
		};
/* End PBXGroup section */

/* Begin PBXNativeTarget section */
		5C297466266903B70072DEFB /* CalcX */ = {
			isa = PBXNativeTarget;
			buildConfigurationList = 5C29748C266903B80072DEFB /* Build configuration list for PBXNativeTarget "CalcX" */;
			buildPhases = (
				5C297463266903B70072DEFB /* Sources */,
				5C297464266903B70072DEFB /* Frameworks */,
				5C297465266903B70072DEFB /* Resources */,
			);
			buildRules = (
			);
			dependencies = (
			);
			name = CalcX;
			productName = CalcX;
			productReference = 5C297467266903B70072DEFB /* CalcX.app */;
			productType = "com.apple.product-type.application";
		};
		5C297477266903B80072DEFB /* CalcXTests */ = {
			isa = PBXNativeTarget;
			buildConfigurationList = 5C29748F266903B80072DEFB /* Build configuration list for PBXNativeTarget "CalcXTests" */;
			buildPhases = (
				5C297474266903B80072DEFB /* Sources */,
				5C297475266903B80072DEFB /* Frameworks */,
				5C297476266903B80072DEFB /* Resources */,
			);
			buildRules = (
			);
			dependencies = (
				5C29747A266903B80072DEFB /* PBXTargetDependency */,
			);
			name = CalcXTests;
			productName = CalcXTests;
			productReference = 5C297478266903B80072DEFB /* CalcXTests.xctest */;
			productType = "com.apple.product-type.bundle.unit-test";
		};
		5C297482266903B80072DEFB /* CalcXUITests */ = {
			isa = PBXNativeTarget;
			buildConfigurationList = 5C297492266903B80072DEFB /* Build configuration list for PBXNativeTarget "CalcXUITests" */;
			buildPhases = (
				5C29747F266903B80072DEFB /* Sources */,
				5C297480266903B80072DEFB /* Frameworks */,
				5C297481266903B80072DEFB /* Resources */,
			);
			buildRules = (
			);
			dependencies = (
				5C297485266903B80072DEFB /* PBXTargetDependency */,
			);
			name = CalcXUITests;
			productName = CalcXUITests;
			productReference = 5C297483266903B80072DEFB /* CalcXUITests.xctest */;
			productType = "com.apple.product-type.bundle.ui-testing";
		};
/* End PBXNativeTarget section */

/* Begin PBXProject section */
		5C29745F266903B70072DEFB /* Project object */ = {
			isa = PBXProject;
			attributes = {
				LastSwiftUpdateCheck = 1250;
				LastUpgradeCheck = 1250;
				TargetAttributes = {
					5C297466266903B70072DEFB = {
						CreatedOnToolsVersion = 12.5;
					};
					5C297477266903B80072DEFB = {
						CreatedOnToolsVersion = 12.5;
						TestTargetID = 5C297466266903B70072DEFB;
					};
					5C297482266903B80072DEFB = {
						CreatedOnToolsVersion = 12.5;
						TestTargetID = 5C297466266903B70072DEFB;
					};
				};
			};
			buildConfigurationList = 5C297462266903B70072DEFB /* Build configuration list for PBXProject "CalcX" */;
			compatibilityVersion = "Xcode 9.3";
			developmentRegion = en;
			hasScannedForEncodings = 0;
			knownRegions = (
				en,
				Base,
			);
			mainGroup = 5C29745E266903B70072DEFB;
			productRefGroup = 5C297468266903B70072DEFB /* Products */;
			projectDirPath = "";
			projectRoot = "";
			targets = (
				5C297466266903B70072DEFB /* CalcX */,
				5C297477266903B80072DEFB /* CalcXTests */,
				5C297482266903B80072DEFB /* CalcXUITests */,
			);
		};
/* End PBXProject section */

/* Begin PBXResourcesBuildPhase section */
		5C297465266903B70072DEFB /* Resources */ = {
			isa = PBXResourcesBuildPhase;
			buildActionMask = 2147483647;
			files = (
				5C297472266903B80072DEFB /* Preview Assets.xcassets in Resources */,
				5C29746F266903B80072DEFB /* Assets.xcassets in Resources */,
			);
			runOnlyForDeploymentPostprocessing = 0;
		};
		5C297476266903B80072DEFB /* Resources */ = {
			isa = PBXResourcesBuildPhase;
			buildActionMask = 2147483647;
			files = (
			);
			runOnlyForDeploymentPostprocessing = 0;
		};
		5C297481266903B80072DEFB /* Resources */ = {
			isa = PBXResourcesBuildPhase;
			buildActionMask = 2147483647;
			files = (
			);
			runOnlyForDeploymentPostprocessing = 0;
		};
/* End PBXResourcesBuildPhase section */

/* Begin PBXSourcesBuildPhase section */
		5C297463266903B70072DEFB /* Sources */ = {
			isa = PBXSourcesBuildPhase;
			buildActionMask = 2147483647;
			files = (
				5C29746D266903B70072DEFB /* ContentView.swift in Sources */,
				5C29746B266903B70072DEFB /* CalcXApp.swift in Sources */,
			);
			runOnlyForDeploymentPostprocessing = 0;
		};
		5C297474266903B80072DEFB /* Sources */ = {
			isa = PBXSourcesBuildPhase;
			buildActionMask = 2147483647;
			files = (
				5C29747D266903B80072DEFB /* CalcXTests.swift in Sources */,
			);
			runOnlyForDeploymentPostprocessing = 0;
		};
		5C29747F266903B80072DEFB /* Sources */ = {
			isa = PBXSourcesBuildPhase;
			buildActionMask = 2147483647;
			files = (
				5C297488266903B80072DEFB /* CalcXUITests.swift in Sources */,
			);
			runOnlyForDeploymentPostprocessing = 0;
		};
/* End PBXSourcesBuildPhase section */

/* Begin PBXTargetDependency section */
		5C29747A266903B80072DEFB /* PBXTargetDependency */ = {
			isa = PBXTargetDependency;
			target = 5C297466266903B70072DEFB /* CalcX */;
			targetProxy = 5C297479266903B80072DEFB /* PBXContainerItemProxy */;
		};
		5C297485266903B80072DEFB /* PBXTargetDependency */ = {
			isa = PBXTargetDependency;
			target = 5C297466266903B70072DEFB /* CalcX */;
			targetProxy = 5C297484266903B80072DEFB /* PBXContainerItemProxy */;
		};
/* End PBXTargetDependency section */

/* Begin XCBuildConfiguration section */
		5C29748A266903B80072DEFB /* Debug */ = {
			isa = XCBuildConfiguration;
			buildSettings = {
				ALWAYS_SEARCH_USER_PATHS = NO;
				CLANG_ANALYZER_NONNULL = YES;
				CLANG_ANALYZER_NUMBER_OBJECT_CONVERSION = YES_AGGRESSIVE;
				CLANG_CXX_LANGUAGE_STANDARD = "gnu++14";
				CLANG_CXX_LIBRARY = "libc++";
				CLANG_ENABLE_MODULES = YES;
				CLANG_ENABLE_OBJC_ARC = YES;
				CLANG_ENABLE_OBJC_WEAK = YES;
				CLANG_WARN_BLOCK_CAPTURE_AUTORELEASING = YES;
				CLANG_WARN_BOOL_CONVERSION = YES;
				CLANG_WARN_COMMA = YES;
				CLANG_WARN_CONSTANT_CONVERSION = YES;
				CLANG_WARN_DEPRECATED_OBJC_IMPLEMENTATIONS = YES;
				CLANG_WARN_DIRECT_OBJC_ISA_USAGE = YES_ERROR;
				CLANG_WARN_DOCUMENTATION_COMMENTS = YES;
				CLANG_WARN_EMPTY_BODY = YES;
				CLANG_WARN_ENUM_CONVERSION = YES;
				CLANG_WARN_INFINITE_RECURSION = YES;
				CLANG_WARN_INT_CONVERSION = YES;
				CLANG_WARN_NON_LITERAL_NULL_CONVERSION = YES;
				CLANG_WARN_OBJC_IMPLICIT_RETAIN_SELF = YES;
				CLANG_WARN_OBJC_LITERAL_CONVERSION = YES;
				CLANG_WARN_OBJC_ROOT_CLASS = YES_ERROR;
				CLANG_WARN_QUOTED_INCLUDE_IN_FRAMEWORK_HEADER = YES;
				CLANG_WARN_RANGE_LOOP_ANALYSIS = YES;
				CLANG_WARN_STRICT_PROTOTYPES = YES;
				CLANG_WARN_SUSPICIOUS_MOVE = YES;
				CLANG_WARN_UNGUARDED_AVAILABILITY = YES_AGGRESSIVE;
				CLANG_WARN_UNREACHABLE_CODE = YES;
				CLANG_WARN__DUPLICATE_METHOD_MATCH = YES;
				COPY_PHASE_STRIP = NO;
				DEBUG_INFORMATION_FORMAT = dwarf;
				ENABLE_STRICT_OBJC_MSGSEND = YES;
				ENABLE_TESTABILITY = YES;
				GCC_C_LANGUAGE_STANDARD = gnu11;
				GCC_DYNAMIC_NO_PIC = NO;
				GCC_NO_COMMON_BLOCKS = YES;
				GCC_OPTIMIZATION_LEVEL = 0;
				GCC_PREPROCESSOR_DEFINITIONS = (
					"DEBUG=1",
					"$(inherited)",
				);
				GCC_WARN_64_TO_32_BIT_CONVERSION = YES;
				GCC_WARN_ABOUT_RETURN_TYPE = YES_ERROR;
				GCC_WARN_UNDECLARED_SELECTOR = YES;
				GCC_WARN_UNINITIALIZED_AUTOS = YES_AGGRESSIVE;
				GCC_WARN_UNUSED_FUNCTION = YES;
				GCC_WARN_UNUSED_VARIABLE = YES;
				IPHONEOS_DEPLOYMENT_TARGET = 14.5;
				MTL_ENABLE_DEBUG_INFO = INCLUDE_SOURCE;
				MTL_FAST_MATH = YES;
				ONLY_ACTIVE_ARCH = YES;
				SDKROOT = iphoneos;
				SWIFT_ACTIVE_COMPILATION_CONDITIONS = DEBUG;
				SWIFT_OPTIMIZATION_LEVEL = "-Onone";
			};
			name = Debug;
		};
		5C29748B266903B80072DEFB /* Release */ = {
			isa = XCBuildConfiguration;
			buildSettings = {
				ALWAYS_SEARCH_USER_PATHS = NO;
				CLANG_ANALYZER_NONNULL = YES;
				CLANG_ANALYZER_NUMBER_OBJECT_CONVERSION = YES_AGGRESSIVE;
				CLANG_CXX_LANGUAGE_STANDARD = "gnu++14";
				CLANG_CXX_LIBRARY = "libc++";
				CLANG_ENABLE_MODULES = YES;
				CLANG_ENABLE_OBJC_ARC = YES;
				CLANG_ENABLE_OBJC_WEAK = YES;
				CLANG_WARN_BLOCK_CAPTURE_AUTORELEASING = YES;
				CLANG_WARN_BOOL_CONVERSION = YES;
				CLANG_WARN_COMMA = YES;
				CLANG_WARN_CONSTANT_CONVERSION = YES;
				CLANG_WARN_DEPRECATED_OBJC_IMPLEMENTATIONS = YES;
				CLANG_WARN_DIRECT_OBJC_ISA_USAGE = YES_ERROR;
				CLANG_WARN_DOCUMENTATION_COMMENTS = YES;
				CLANG_WARN_EMPTY_BODY = YES;
				CLANG_WARN_ENUM_CONVERSION = YES;
				CLANG_WARN_INFINITE_RECURSION = YES;
				CLANG_WARN_INT_CONVERSION = YES;
				CLANG_WARN_NON_LITERAL_NULL_CONVERSION = YES;
				CLANG_WARN_OBJC_IMPLICIT_RETAIN_SELF = YES;
				CLANG_WARN_OBJC_LITERAL_CONVERSION = YES;
				CLANG_WARN_OBJC_ROOT_CLASS = YES_ERROR;
				CLANG_WARN_QUOTED_INCLUDE_IN_FRAMEWORK_HEADER = YES;
				CLANG_WARN_RANGE_LOOP_ANALYSIS = YES;
				CLANG_WARN_STRICT_PROTOTYPES = YES;
				CLANG_WARN_SUSPICIOUS_MOVE = YES;
				CLANG_WARN_UNGUARDED_AVAILABILITY = YES_AGGRESSIVE;
				CLANG_WARN_UNREACHABLE_CODE = YES;
				CLANG_WARN__DUPLICATE_METHOD_MATCH = YES;
				COPY_PHASE_STRIP = NO;
				DEBUG_INFORMATION_FORMAT = "dwarf-with-dsym";
				ENABLE_NS_ASSERTIONS = NO;
				ENABLE_STRICT_OBJC_MSGSEND = YES;
				GCC_C_LANGUAGE_STANDARD = gnu11;
				GCC_NO_COMMON_BLOCKS = YES;
				GCC_WARN_64_TO_32_BIT_CONVERSION = YES;
				GCC_WARN_ABOUT_RETURN_TYPE = YES_ERROR;
				GCC_WARN_UNDECLARED_SELECTOR = YES;
				GCC_WARN_UNINITIALIZED_AUTOS = YES_AGGRESSIVE;
				GCC_WARN_UNUSED_FUNCTION = YES;
				GCC_WARN_UNUSED_VARIABLE = YES;
				IPHONEOS_DEPLOYMENT_TARGET = 14.5;
				MTL_ENABLE_DEBUG_INFO = NO;
				MTL_FAST_MATH = YES;
				SDKROOT = iphoneos;
				SWIFT_COMPILATION_MODE = wholemodule;
				SWIFT_OPTIMIZATION_LEVEL = "-O";
				VALIDATE_PRODUCT = YES;
			};
			name = Release;
		};
		5C29748D266903B80072DEFB /* Debug */ = {
			isa = XCBuildConfiguration;
			buildSettings = {
				ASSETCATALOG_COMPILER_APPICON_NAME = AppIcon;
				ASSETCATALOG_COMPILER_GLOBAL_ACCENT_COLOR_NAME = AccentColor;
				CODE_SIGN_STYLE = Automatic;
				DEVELOPMENT_ASSET_PATHS = "\"CalcX/Preview Content\"";
				DEVELOPMENT_TEAM = K9VLBY7UVS;
				ENABLE_PREVIEWS = YES;
				INFOPLIST_FILE = CalcX/Info.plist;
				IPHONEOS_DEPLOYMENT_TARGET = 14.0;
				LD_RUNPATH_SEARCH_PATHS = (
					"$(inherited)",
					"@executable_path/Frameworks",
				);
				PRODUCT_BUNDLE_IDENTIFIER = com.ownik.CalcX;
				PRODUCT_NAME = "$(TARGET_NAME)";
				SWIFT_VERSION = 5.0;
				TARGETED_DEVICE_FAMILY = "1,2";
			};
			name = Debug;
		};
		5C29748E266903B80072DEFB /* Release */ = {
			isa = XCBuildConfiguration;
			buildSettings = {
				ASSETCATALOG_COMPILER_APPICON_NAME = AppIcon;
				ASSETCATALOG_COMPILER_GLOBAL_ACCENT_COLOR_NAME = AccentColor;
				CODE_SIGN_STYLE = Automatic;
				DEVELOPMENT_ASSET_PATHS = "\"CalcX/Preview Content\"";
				DEVELOPMENT_TEAM = K9VLBY7UVS;
				ENABLE_PREVIEWS = YES;
				INFOPLIST_FILE = CalcX/Info.plist;
				IPHONEOS_DEPLOYMENT_TARGET = 14.0;
				LD_RUNPATH_SEARCH_PATHS = (
					"$(inherited)",
					"@executable_path/Frameworks",
				);
				PRODUCT_BUNDLE_IDENTIFIER = com.ownik.CalcX;
				PRODUCT_NAME = "$(TARGET_NAME)";
				SWIFT_VERSION = 5.0;
				TARGETED_DEVICE_FAMILY = "1,2";
			};
			name = Release;
		};
		5C297490266903B80072DEFB /* Debug */ = {
			isa = XCBuildConfiguration;
			buildSettings = {
				ALWAYS_EMBED_SWIFT_STANDARD_LIBRARIES = YES;
				BUNDLE_LOADER = "$(TEST_HOST)";
				CODE_SIGN_STYLE = Automatic;
				INFOPLIST_FILE = CalcXTests/Info.plist;
				IPHONEOS_DEPLOYMENT_TARGET = 14.0;
				LD_RUNPATH_SEARCH_PATHS = (
					"$(inherited)",
					"@executable_path/Frameworks",
					"@loader_path/Frameworks",
				);
				PRODUCT_BUNDLE_IDENTIFIER = com.ownik.CalcXTests;
				PRODUCT_NAME = "$(TARGET_NAME)";
				SWIFT_VERSION = 5.0;
				TARGETED_DEVICE_FAMILY = "1,2";
				TEST_HOST = "$(BUILT_PRODUCTS_DIR)/CalcX.app/CalcX";
			};
			name = Debug;
		};
		5C297491266903B80072DEFB /* Release */ = {
			isa = XCBuildConfiguration;
			buildSettings = {
				ALWAYS_EMBED_SWIFT_STANDARD_LIBRARIES = YES;
				BUNDLE_LOADER = "$(TEST_HOST)";
				CODE_SIGN_STYLE = Automatic;
				INFOPLIST_FILE = CalcXTests/Info.plist;
				IPHONEOS_DEPLOYMENT_TARGET = 14.0;
				LD_RUNPATH_SEARCH_PATHS = (
					"$(inherited)",
					"@executable_path/Frameworks",
					"@loader_path/Frameworks",
				);
				PRODUCT_BUNDLE_IDENTIFIER = com.ownik.CalcXTests;
				PRODUCT_NAME = "$(TARGET_NAME)";
				SWIFT_VERSION = 5.0;
				TARGETED_DEVICE_FAMILY = "1,2";
				TEST_HOST = "$(BUILT_PRODUCTS_DIR)/CalcX.app/CalcX";
			};
			name = Release;
		};
		5C297493266903B80072DEFB /* Debug */ = {
			isa = XCBuildConfiguration;
			buildSettings = {
				ALWAYS_EMBED_SWIFT_STANDARD_LIBRARIES = YES;
				CODE_SIGN_STYLE = Automatic;
				INFOPLIST_FILE = CalcXUITests/Info.plist;
				LD_RUNPATH_SEARCH_PATHS = (
					"$(inherited)",
					"@executable_path/Frameworks",
					"@loader_path/Frameworks",
				);
				PRODUCT_BUNDLE_IDENTIFIER = com.ownik.CalcXUITests;
				PRODUCT_NAME = "$(TARGET_NAME)";
				SWIFT_VERSION = 5.0;
				TARGETED_DEVICE_FAMILY = "1,2";
				TEST_TARGET_NAME = CalcX;
			};
			name = Debug;
		};
		5C297494266903B80072DEFB /* Release */ = {
			isa = XCBuildConfiguration;
			buildSettings = {
				ALWAYS_EMBED_SWIFT_STANDARD_LIBRARIES = YES;
				CODE_SIGN_STYLE = Automatic;
				INFOPLIST_FILE = CalcXUITests/Info.plist;
				LD_RUNPATH_SEARCH_PATHS = (
					"$(inherited)",
					"@executable_path/Frameworks",
					"@loader_path/Frameworks",
				);
				PRODUCT_BUNDLE_IDENTIFIER = com.ownik.CalcXUITests;
				PRODUCT_NAME = "$(TARGET_NAME)";
				SWIFT_VERSION = 5.0;
				TARGETED_DEVICE_FAMILY = "1,2";
				TEST_TARGET_NAME = CalcX;
			};
			name = Release;
		};
/* End XCBuildConfiguration section */

/* Begin XCConfigurationList section */
		5C297462266903B70072DEFB /* Build configuration list for PBXProject "CalcX" */ = {
			isa = XCConfigurationList;
			buildConfigurations = (
				5C29748A266903B80072DEFB /* Debug */,
				5C29748B266903B80072DEFB /* Release */,
			);
			defaultConfigurationIsVisible = 0;
			defaultConfigurationName = Release;
		};
		5C29748C266903B80072DEFB /* Build configuration list for PBXNativeTarget "CalcX" */ = {
			isa = XCConfigurationList;
			buildConfigurations = (
				5C29748D266903B80072DEFB /* Debug */,
				5C29748E266903B80072DEFB /* Release */,
			);
			defaultConfigurationIsVisible = 0;
			defaultConfigurationName = Release;
		};
		5C29748F266903B80072DEFB /* Build configuration list for PBXNativeTarget "CalcXTests" */ = {
			isa = XCConfigurationList;
			buildConfigurations = (
				5C297490266903B80072DEFB /* Debug */,
				5C297491266903B80072DEFB /* Release */,
			);
			defaultConfigurationIsVisible = 0;
			defaultConfigurationName = Release;
		};
		5C297492266903B80072DEFB /* Build configuration list for PBXNativeTarget "CalcXUITests" */ = {
			isa = XCConfigurationList;
			buildConfigurations = (
				5C297493266903B80072DEFB /* Debug */,
				5C297494266903B80072DEFB /* Release */,
			);
			defaultConfigurationIsVisible = 0;
			defaultConfigurationName = Release;
		};
/* End XCConfigurationList section */
	};
	rootObject = 5C29745F266903B70072DEFB /* Project object */;
}
